
Microsoft Visual Studio Solution File, Format Version 12.00
# Visual Studio Version 17
VisualStudioVersion = 17.5.33424.131
MinimumVisualStudioVersion = 10.0.40219.1
Project("{FAE04EC0-301F-11D3-BF4B-00C04F79EFBC}") = "read_write", "read_write\read_write.csproj", "{9C6F480C-53E8-493F-814D-84F1FC89A1BC}"
EndProject
Global
	GlobalSection(SolutionConfigurationPlatforms) = preSolution
		Debug|Any CPU = Debug|Any CPU
		Release|Any CPU = Release|Any CPU
	EndGlobalSection
	GlobalSection(ProjectConfigurationPlatforms) = postSolution
		{9C6F480C-53E8-493F-814D-84F1FC89A1BC}.Debug|Any CPU.ActiveCfg = Debug|Any CPU
		{9C6F480C-53E8-493F-814D-84F1FC89A1BC}.Debug|Any CPU.Build.0 = Debug|Any CPU
		{9C6F480C-53E8-493F-814D-84F1FC89A1BC}.Release|Any CPU.ActiveCfg = Release|Any CPU
		{9C6F480C-53E8-493F-814D-84F1FC89A1BC}.Release|Any CPU.Build.0 = Release|Any CPU
	EndGlobalSection
	GlobalSection(SolutionProperties) = preSolution
		HideSolutionNode = FALSE
	EndGlobalSection
	GlobalSection(ExtensibilityGlobals) = postSolution
		SolutionGuid = {3F483C59-9C2A-4C72-A72A-6D6B3AB5A803}
	EndGlobalSection
EndGlobal
